github.com/joho/godotenv v1.5.1/go.mod h1:f4LDr5Voq0i2e/R5DDNOoa2zzDfwtkZa6DnEwAbqwq4=
github.com/kelseyhightower/envconfig v1.4.0/go.mod h1:cccZRl6mQpaq41TPp5QxidR+Sa3axMbJDNb//FQX6Gg=
github.com/neo4j/neo4j-go-driver/v6 v6.0.0/go.mod h1:hzSTfNfM31p1uRSzL1F/BAYOgaiTarE6OAQBajfsm+I=
github.com/piprate/json-gold v0.7.0 h1:bEMirgA5y8Z2loTQfxyIFfY+EflxH1CTP6r/KIlcJNw=
github.com/piprate/json-gold v0.7.0/go.mod h1:RVhE35veDX19r5gfUAR+IYHkAUuPwJO8Ie/qVeFaIzw=
github.com/pquerna/cachecontrol v0.0.0-20180517163645-1555304b9b35 h1:J9b7z+QKAmPf4YLrFg6oQUotqHQeUNWwkvo7jZp1GLU=
github.com/pquerna/cachecontrol v0.0.0-20180517163645-1555304b9b35/go.mod h1:prYjPmNq4d1NPVmpShWobRqXY3q7Vp+80DqgxxUrUIA=
golang.org/x/net v0.47.0/go.mod h1:/jNxtkgq5yWUGYkaZGqo27cfGZ1c5Nen03aYrrKpVRU=
golang.org/x/sys v0.38.0/go.mod h1:OgkHotnGiDImocRcuBABYBEXf8A9a87e/uXjp9XT3ks=
golang.org/x/text v0.31.0/go.mod h1:tKRAlv61yKIjGGHX/4tP1LTbc13YSec1pxVEWXzfoeM=
google.golang.org/genproto/googleapis/rpc v0.0.0-20251029180050-ab9386a59fda/go.mod h1:7i2o+ce6H/6BluujYR+kqX3GKH+dChPTQU19wjRPiGk=
google.golang.org/grpc v1.78.0/go.mod h1:I47qjTo4OKbMkjA/aOOwxDIiPSBofUtQUI5EfpWvW7U=
google.golang.org/protobuf v1.36.10/go.mod h1:HTf+CrKn2C3g5S8VImy6tdcUvCska2kB7j23XfzDpco=
